// !$*UTF8*$!
{
	archiveVersion = 1;
	classes = {
	};
	objectVersion = 50;
	objects = {

/* Begin PBXBuildFile section */
		3C42023C233B332AA11D7C26 /* Pods_MakeItCount_MakeItCountUITests.framework in Frameworks */ = {isa = PBXBuildFile; fileRef = E0583A6A1B3C2BC5FB1C67B6 /* Pods_MakeItCount_MakeItCountUITests.framework */; };
		4F861CD8251AC42D0078398F /* MakeItCountApp.swift in Sources */ = {isa = PBXBuildFile; fileRef = 4F861CD7251AC42D0078398F /* MakeItCountApp.swift */; };
		4F861CDA251AC42D0078398F /* ContentView.swift in Sources */ = {isa = PBXBuildFile; fileRef = 4F861CD9251AC42D0078398F /* ContentView.swift */; };
		4F861CDC251AC4300078398F /* Assets.xcassets in Resources */ = {isa = PBXBuildFile; fileRef = 4F861CDB251AC4300078398F /* Assets.xcassets */; };
		4F861CDF251AC4300078398F /* Preview Assets.xcassets in Resources */ = {isa = PBXBuildFile; fileRef = 4F861CDE251AC4300078398F /* Preview Assets.xcassets */; };
		4F861CEA251AC4300078398F /* MakeItCountTests.swift in Sources */ = {isa = PBXBuildFile; fileRef = 4F861CE9251AC4300078398F /* MakeItCountTests.swift */; };
		4F861CF5251AC4300078398F /* MakeItCountUITests.swift in Sources */ = {isa = PBXBuildFile; fileRef = 4F861CF4251AC4300078398F /* MakeItCountUITests.swift */; };
		753BC53C7BAE5DB817599A38 /* Pods_MakeItCountTests.framework in Frameworks */ = {isa = PBXBuildFile; fileRef = 78817286774FF1D670EAB874 /* Pods_MakeItCountTests.framework */; };
		764CC5169EEA29C6168214BE /* Pods_MakeItCount.framework in Frameworks */ = {isa = PBXBuildFile; fileRef = 4A63E3A6E32A2A4681BE68A3 /* Pods_MakeItCount.framework */; };
/* End PBXBuildFile section */

/* Begin PBXContainerItemProxy section */
		4F861CE6251AC4300078398F /* PBXContainerItemProxy */ = {
			isa = PBXContainerItemProxy;
			containerPortal = 4F861CCC251AC42D0078398F /* Project object */;
			proxyType = 1;
			remoteGlobalIDString = 4F861CD3251AC42D0078398F;
			remoteInfo = MakeItCount;
		};
		4F861CF1251AC4300078398F /* PBXContainerItemProxy */ = {
			isa = PBXContainerItemProxy;
			containerPortal = 4F861CCC251AC42D0078398F /* Project object */;
			proxyType = 1;
			remoteGlobalIDString = 4F861CD3251AC42D0078398F;
			remoteInfo = MakeItCount;
		};
/* End PBXContainerItemProxy section */

/* Begin PBXFileReference section */
		044498027C12A42C588E2DEA /* Pods-MakeItCount.debug.xcconfig */ = {isa = PBXFileReference; includeInIndex = 1; lastKnownFileType = text.xcconfig; name = "Pods-MakeItCount.debug.xcconfig"; path = "Target Support Files/Pods-MakeItCount/Pods-MakeItCount.debug.xcconfig"; sourceTree = "<group>"; };
		4A63E3A6E32A2A4681BE68A3 /* Pods_MakeItCount.framework */ = {isa = PBXFileReference; explicitFileType = wrapper.framework; includeInIndex = 0; path = Pods_MakeItCount.framework; sourceTree = BUILT_PRODUCTS_DIR; };
		4B7A8FB986C63CCB5967FBD9 /* Pods-MakeItCount-MakeItCountUITests.release.xcconfig */ = {isa = PBXFileReference; includeInIndex = 1; lastKnownFileType = text.xcconfig; name = "Pods-MakeItCount-MakeItCountUITests.release.xcconfig"; path = "Target Support Files/Pods-MakeItCount-MakeItCountUITests/Pods-MakeItCount-MakeItCountUITests.release.xcconfig"; sourceTree = "<group>"; };
		4F861CD4251AC42D0078398F /* MakeItCount.app */ = {isa = PBXFileReference; explicitFileType = wrapper.application; includeInIndex = 0; path = MakeItCount.app; sourceTree = BUILT_PRODUCTS_DIR; };
		4F861CD7251AC42D0078398F /* MakeItCountApp.swift */ = {isa = PBXFileReference; lastKnownFileType = sourcecode.swift; path = MakeItCountApp.swift; sourceTree = "<group>"; };
		4F861CD9251AC42D0078398F /* ContentView.swift */ = {isa = PBXFileReference; lastKnownFileType = sourcecode.swift; path = ContentView.swift; sourceTree = "<group>"; };
		4F861CDB251AC4300078398F /* Assets.xcassets */ = {isa = PBXFileReference; lastKnownFileType = folder.assetcatalog; path = Assets.xcassets; sourceTree = "<group>"; };
		4F861CDE251AC4300078398F /* Preview Assets.xcassets */ = {isa = PBXFileReference; lastKnownFileType = folder.assetcatalog; path = "Preview Assets.xcassets"; sourceTree = "<group>"; };
		4F861CE0251AC4300078398F /* Info.plist */ = {isa = PBXFileReference; lastKnownFileType = text.plist.xml; path = Info.plist; sourceTree = "<group>"; };
		4F861CE5251AC4300078398F /* MakeItCountTests.xctest */ = {isa = PBXFileReference; explicitFileType = wrapper.cfbundle; includeInIndex = 0; path = MakeItCountTests.xctest; sourceTree = BUILT_PRODUCTS_DIR; };
		4F861CE9251AC4300078398F /* MakeItCountTests.swift */ = {isa = PBXFileReference; lastKnownFileType = sourcecode.swift; path = MakeItCountTests.swift; sourceTree = "<group>"; };
		4F861CEB251AC4300078398F /* Info.plist */ = {isa = PBXFileReference; lastKnownFileType = text.plist.xml; path = Info.plist; sourceTree = "<group>"; };
		4F861CF0251AC4300078398F /* MakeItCountUITests.xctest */ = {isa = PBXFileReference; explicitFileType = wrapper.cfbundle; includeInIndex = 0; path = MakeItCountUITests.xctest; sourceTree = BUILT_PRODUCTS_DIR; };
		4F861CF4251AC4300078398F /* MakeItCountUITests.swift */ = {isa = PBXFileReference; lastKnownFileType = sourcecode.swift; path = MakeItCountUITests.swift; sourceTree = "<group>"; };
		4F861CF6251AC4300078398F /* Info.plist */ = {isa = PBXFileReference; lastKnownFileType = text.plist.xml; path = Info.plist; sourceTree = "<group>"; };
		55F7314ED0F2342987BBBFCA /* Pods-MakeItCountTests.release.xcconfig */ = {isa = PBXFileReference; includeInIndex = 1; lastKnownFileType = text.xcconfig; name = "Pods-MakeItCountTests.release.xcconfig"; path = "Target Support Files/Pods-MakeItCountTests/Pods-MakeItCountTests.release.xcconfig"; sourceTree = "<group>"; };
		74305CB601463A26BEE42DA8 /* Pods-MakeItCount.release.xcconfig */ = {isa = PBXFileReference; includeInIndex = 1; lastKnownFileType = text.xcconfig; name = "Pods-MakeItCount.release.xcconfig"; path = "Target Support Files/Pods-MakeItCount/Pods-MakeItCount.release.xcconfig"; sourceTree = "<group>"; };
		78817286774FF1D670EAB874 /* Pods_MakeItCountTests.framework */ = {isa = PBXFileReference; explicitFileType = wrapper.framework; includeInIndex = 0; path = Pods_MakeItCountTests.framework; sourceTree = BUILT_PRODUCTS_DIR; };
		9DCFC37F5FDC75EB886E563A /* Pods-MakeItCount-MakeItCountUITests.debug.xcconfig */ = {isa = PBXFileReference; includeInIndex = 1; lastKnownFileType = text.xcconfig; name = "Pods-MakeItCount-MakeItCountUITests.debug.xcconfig"; path = "Target Support Files/Pods-MakeItCount-MakeItCountUITests/Pods-MakeItCount-MakeItCountUITests.debug.xcconfig"; sourceTree = "<group>"; };
		E0583A6A1B3C2BC5FB1C67B6 /* Pods_MakeItCount_MakeItCountUITests.framework */ = {isa = PBXFileReference; explicitFileType = wrapper.framework; includeInIndex = 0; path = Pods_MakeItCount_MakeItCountUITests.framework; sourceTree = BUILT_PRODUCTS_DIR; };
		F00D5CF9B69E9208AE611BC3 /* Pods-MakeItCountTests.debug.xcconfig */ = {isa = PBXFileReference; includeInIndex = 1; lastKnownFileType = text.xcconfig; name = "Pods-MakeItCountTests.debug.xcconfig"; path = "Target Support Files/Pods-MakeItCountTests/Pods-MakeItCountTests.debug.xcconfig"; sourceTree = "<group>"; };
/* End PBXFileReference section */

/* Begin PBXFrameworksBuildPhase section */
		4F861CD1251AC42D0078398F /* Frameworks */ = {
			isa = PBXFrameworksBuildPhase;
			buildActionMask = 2147483647;
			files = (
				764CC5169EEA29C6168214BE /* Pods_MakeItCount.framework in Frameworks */,
			);
			runOnlyForDeploymentPostprocessing = 0;
		};
		4F861CE2251AC4300078398F /* Frameworks */ = {
			isa = PBXFrameworksBuildPhase;
			buildActionMask = 2147483647;
			files = (
				753BC53C7BAE5DB817599A38 /* Pods_MakeItCountTests.framework in Frameworks */,
			);
			runOnlyForDeploymentPostprocessing = 0;
		};
		4F861CED251AC4300078398F /* Frameworks */ = {
			isa = PBXFrameworksBuildPhase;
			buildActionMask = 2147483647;
			files = (
				3C42023C233B332AA11D7C26 /* Pods_MakeItCount_MakeItCountUITests.framework in Frameworks */,
			);
			runOnlyForDeploymentPostprocessing = 0;
		};
/* End PBXFrameworksBuildPhase section */

/* Begin PBXGroup section */
		4743443ACA8657E2A421785C /* Pods */ = {
			isa = PBXGroup;
			children = (
				044498027C12A42C588E2DEA /* Pods-MakeItCount.debug.xcconfig */,
				74305CB601463A26BEE42DA8 /* Pods-MakeItCount.release.xcconfig */,
				9DCFC37F5FDC75EB886E563A /* Pods-MakeItCount-MakeItCountUITests.debug.xcconfig */,
				4B7A8FB986C63CCB5967FBD9 /* Pods-MakeItCount-MakeItCountUITests.release.xcconfig */,
				F00D5CF9B69E9208AE611BC3 /* Pods-MakeItCountTests.debug.xcconfig */,
				55F7314ED0F2342987BBBFCA /* Pods-MakeItCountTests.release.xcconfig */,
			);
			name = Pods;
			path = Pods;
			sourceTree = "<group>";
		};
		4F861CCB251AC42D0078398F = {
			isa = PBXGroup;
			children = (
				4F861CD6251AC42D0078398F /* MakeItCount */,
				4F861CE8251AC4300078398F /* MakeItCountTests */,
				4F861CF3251AC4300078398F /* MakeItCountUITests */,
				4F861CD5251AC42D0078398F /* Products */,
				4743443ACA8657E2A421785C /* Pods */,
				D1EFA8FFEEDDD23526466D8B /* Frameworks */,
			);
			sourceTree = "<group>";
		};
		4F861CD5251AC42D0078398F /* Products */ = {
			isa = PBXGroup;
			children = (
				4F861CD4251AC42D0078398F /* MakeItCount.app */,
				4F861CE5251AC4300078398F /* MakeItCountTests.xctest */,
				4F861CF0251AC4300078398F /* MakeItCountUITests.xctest */,
			);
			name = Products;
			sourceTree = "<group>";
		};
		4F861CD6251AC42D0078398F /* MakeItCount */ = {
			isa = PBXGroup;
			children = (
				4F861CD7251AC42D0078398F /* MakeItCountApp.swift */,
				4F861CD9251AC42D0078398F /* ContentView.swift */,
				4F861CDB251AC4300078398F /* Assets.xcassets */,
				4F861CE0251AC4300078398F /* Info.plist */,
				4F861CDD251AC4300078398F /* Preview Content */,
			);
			path = MakeItCount;
			sourceTree = "<group>";
		};
		4F861CDD251AC4300078398F /* Preview Content */ = {
			isa = PBXGroup;
			children = (
				4F861CDE251AC4300078398F /* Preview Assets.xcassets */,
			);
			path = "Preview Content";
			sourceTree = "<group>";
		};
		4F861CE8251AC4300078398F /* MakeItCountTests */ = {
			isa = PBXGroup;
			children = (
				4F861CE9251AC4300078398F /* MakeItCountTests.swift */,
				4F861CEB251AC4300078398F /* Info.plist */,
			);
			path = MakeItCountTests;
			sourceTree = "<group>";
		};
		4F861CF3251AC4300078398F /* MakeItCountUITests */ = {
			isa = PBXGroup;
			children = (
				4F861CF4251AC4300078398F /* MakeItCountUITests.swift */,
				4F861CF6251AC4300078398F /* Info.plist */,
			);
			path = MakeItCountUITests;
			sourceTree = "<group>";
		};
		D1EFA8FFEEDDD23526466D8B /* Frameworks */ = {
			isa = PBXGroup;
			children = (
				4A63E3A6E32A2A4681BE68A3 /* Pods_MakeItCount.framework */,
				E0583A6A1B3C2BC5FB1C67B6 /* Pods_MakeItCount_MakeItCountUITests.framework */,
				78817286774FF1D670EAB874 /* Pods_MakeItCountTests.framework */,
			);
			name = Frameworks;
			sourceTree = "<group>";
		};
/* End PBXGroup section */

/* Begin PBXNativeTarget section */
		4F861CD3251AC42D0078398F /* MakeItCount */ = {
			isa = PBXNativeTarget;
			buildConfigurationList = 4F861CF9251AC4300078398F /* Build configuration list for PBXNativeTarget "MakeItCount" */;
			buildPhases = (
				0CD80CBB01F0C4E36F08A166 /* [CP] Check Pods Manifest.lock */,
				4F861CD0251AC42D0078398F /* Sources */,
				4F861CD1251AC42D0078398F /* Frameworks */,
				4F861CD2251AC42D0078398F /* Resources */,
				B584540282B52F8A25F7746C /* [CP] Embed Pods Frameworks */,
			);
			buildRules = (
			);
			dependencies = (
			);
			name = MakeItCount;
			productName = MakeItCount;
			productReference = 4F861CD4251AC42D0078398F /* MakeItCount.app */;
			productType = "com.apple.product-type.application";
		};
		4F861CE4251AC4300078398F /* MakeItCountTests */ = {
			isa = PBXNativeTarget;
			buildConfigurationList = 4F861CFC251AC4300078398F /* Build configuration list for PBXNativeTarget "MakeItCountTests" */;
			buildPhases = (
				4EB8679AA70F58FC9A685A9E /* [CP] Check Pods Manifest.lock */,
				4F861CE1251AC4300078398F /* Sources */,
				4F861CE2251AC4300078398F /* Frameworks */,
				4F861CE3251AC4300078398F /* Resources */,
			);
			buildRules = (
			);
			dependencies = (
				4F861CE7251AC4300078398F /* PBXTargetDependency */,
			);
			name = MakeItCountTests;
			productName = MakeItCountTests;
			productReference = 4F861CE5251AC4300078398F /* MakeItCountTests.xctest */;
			productType = "com.apple.product-type.bundle.unit-test";
		};
		4F861CEF251AC4300078398F /* MakeItCountUITests */ = {
			isa = PBXNativeTarget;
			buildConfigurationList = 4F861CFF251AC4300078398F /* Build configuration list for PBXNativeTarget "MakeItCountUITests" */;
			buildPhases = (
				82B3000D87ADC87929EBF4A5 /* [CP] Check Pods Manifest.lock */,
				4F861CEC251AC4300078398F /* Sources */,
				4F861CED251AC4300078398F /* Frameworks */,
				4F861CEE251AC4300078398F /* Resources */,
				8E5BEE69CF524DDB87657CD9 /* [CP] Embed Pods Frameworks */,
			);
			buildRules = (
			);
			dependencies = (
				4F861CF2251AC4300078398F /* PBXTargetDependency */,
			);
			name = MakeItCountUITests;
			productName = MakeItCountUITests;
			productReference = 4F861CF0251AC4300078398F /* MakeItCountUITests.xctest */;
			productType = "com.apple.product-type.bundle.ui-testing";
		};
/* End PBXNativeTarget section */

/* Begin PBXProject section */
		4F861CCC251AC42D0078398F /* Project object */ = {
			isa = PBXProject;
			attributes = {
				LastSwiftUpdateCheck = 1200;
				LastUpgradeCheck = 1200;
				TargetAttributes = {
					4F861CD3251AC42D0078398F = {
						CreatedOnToolsVersion = 12.0;
					};
					4F861CE4251AC4300078398F = {
						CreatedOnToolsVersion = 12.0;
						TestTargetID = 4F861CD3251AC42D0078398F;
					};
					4F861CEF251AC4300078398F = {
						CreatedOnToolsVersion = 12.0;
						TestTargetID = 4F861CD3251AC42D0078398F;
					};
				};
			};
			buildConfigurationList = 4F861CCF251AC42D0078398F /* Build configuration list for PBXProject "MakeItCount" */;
			compatibilityVersion = "Xcode 9.3";
			developmentRegion = en;
			hasScannedForEncodings = 0;
			knownRegions = (
				en,
				Base,
			);
			mainGroup = 4F861CCB251AC42D0078398F;
			productRefGroup = 4F861CD5251AC42D0078398F /* Products */;
			projectDirPath = "";
			projectRoot = "";
			targets = (
				4F861CD3251AC42D0078398F /* MakeItCount */,
				4F861CE4251AC4300078398F /* MakeItCountTests */,
				4F861CEF251AC4300078398F /* MakeItCountUITests */,
			);
		};
/* End PBXProject section */

/* Begin PBXResourcesBuildPhase section */
		4F861CD2251AC42D0078398F /* Resources */ = {
			isa = PBXResourcesBuildPhase;
			buildActionMask = 2147483647;
			files = (
				4F861CDF251AC4300078398F /* Preview Assets.xcassets in Resources */,
				4F861CDC251AC4300078398F /* Assets.xcassets in Resources */,
			);
			runOnlyForDeploymentPostprocessing = 0;
		};
		4F861CE3251AC4300078398F /* Resources */ = {
			isa = PBXResourcesBuildPhase;
			buildActionMask = 2147483647;
			files = (
			);
			runOnlyForDeploymentPostprocessing = 0;
		};
		4F861CEE251AC4300078398F /* Resources */ = {
			isa = PBXResourcesBuildPhase;
			buildActionMask = 2147483647;
			files = (
			);
			runOnlyForDeploymentPostprocessing = 0;
		};
/* End PBXResourcesBuildPhase section */

/* Begin PBXShellScriptBuildPhase section */
		0CD80CBB01F0C4E36F08A166 /* [CP] Check Pods Manifest.lock */ = {
			isa = PBXShellScriptBuildPhase;
			buildActionMask = 2147483647;
			files = (
			);
			inputFileListPaths = (
			);
			inputPaths = (
				"${PODS_PODFILE_DIR_PATH}/Podfile.lock",
				"${PODS_ROOT}/Manifest.lock",
			);
			name = "[CP] Check Pods Manifest.lock";
			outputFileListPaths = (
			);
			outputPaths = (
				"$(DERIVED_FILE_DIR)/Pods-MakeItCount-checkManifestLockResult.txt",
			);
			runOnlyForDeploymentPostprocessing = 0;
			shellPath = /bin/sh;
			shellScript = "diff \"${PODS_PODFILE_DIR_PATH}/Podfile.lock\" \"${PODS_ROOT}/Manifest.lock\" > /dev/null\nif [ $? != 0 ] ; then\n    # print error to STDERR\n    echo \"error: The sandbox is not in sync with the Podfile.lock. Run 'pod install' or update your CocoaPods installation.\" >&2\n    exit 1\nfi\n# This output is used by Xcode 'outputs' to avoid re-running this script phase.\necho \"SUCCESS\" > \"${SCRIPT_OUTPUT_FILE_0}\"\n";
			showEnvVarsInLog = 0;
		};
		4EB8679AA70F58FC9A685A9E /* [CP] Check Pods Manifest.lock */ = {
			isa = PBXShellScriptBuildPhase;
			buildActionMask = 2147483647;
			files = (
			);
			inputFileListPaths = (
			);
			inputPaths = (
				"${PODS_PODFILE_DIR_PATH}/Podfile.lock",
				"${PODS_ROOT}/Manifest.lock",
			);
			name = "[CP] Check Pods Manifest.lock";
			outputFileListPaths = (
			);
			outputPaths = (
				"$(DERIVED_FILE_DIR)/Pods-MakeItCountTests-checkManifestLockResult.txt",
			);
			runOnlyForDeploymentPostprocessing = 0;
			shellPath = /bin/sh;
			shellScript = "diff \"${PODS_PODFILE_DIR_PATH}/Podfile.lock\" \"${PODS_ROOT}/Manifest.lock\" > /dev/null\nif [ $? != 0 ] ; then\n    # print error to STDERR\n    echo \"error: The sandbox is not in sync with the Podfile.lock. Run 'pod install' or update your CocoaPods installation.\" >&2\n    exit 1\nfi\n# This output is used by Xcode 'outputs' to avoid re-running this script phase.\necho \"SUCCESS\" > \"${SCRIPT_OUTPUT_FILE_0}\"\n";
			showEnvVarsInLog = 0;
		};
		82B3000D87ADC87929EBF4A5 /* [CP] Check Pods Manifest.lock */ = {
			isa = PBXShellScriptBuildPhase;
			buildActionMask = 2147483647;
			files = (
			);
			inputFileListPaths = (
			);
			inputPaths = (
				"${PODS_PODFILE_DIR_PATH}/Podfile.lock",
				"${PODS_ROOT}/Manifest.lock",
			);
			name = "[CP] Check Pods Manifest.lock";
			outputFileListPaths = (
			);
			outputPaths = (
				"$(DERIVED_FILE_DIR)/Pods-MakeItCount-MakeItCountUITests-checkManifestLockResult.txt",
			);
			runOnlyForDeploymentPostprocessing = 0;
			shellPath = /bin/sh;
			shellScript = "diff \"${PODS_PODFILE_DIR_PATH}/Podfile.lock\" \"${PODS_ROOT}/Manifest.lock\" > /dev/null\nif [ $? != 0 ] ; then\n    # print error to STDERR\n    echo \"error: The sandbox is not in sync with the Podfile.lock. Run 'pod install' or update your CocoaPods installation.\" >&2\n    exit 1\nfi\n# This output is used by Xcode 'outputs' to avoid re-running this script phase.\necho \"SUCCESS\" > \"${SCRIPT_OUTPUT_FILE_0}\"\n";
			showEnvVarsInLog = 0;
		};
		8E5BEE69CF524DDB87657CD9 /* [CP] Embed Pods Frameworks */ = {
			isa = PBXShellScriptBuildPhase;
			buildActionMask = 2147483647;
			files = (
			);
			inputFileListPaths = (
				"${PODS_ROOT}/Target Support Files/Pods-MakeItCount-MakeItCountUITests/Pods-MakeItCount-MakeItCountUITests-frameworks-${CONFIGURATION}-input-files.xcfilelist",
			);
			name = "[CP] Embed Pods Frameworks";
			outputFileListPaths = (
				"${PODS_ROOT}/Target Support Files/Pods-MakeItCount-MakeItCountUITests/Pods-MakeItCount-MakeItCountUITests-frameworks-${CONFIGURATION}-output-files.xcfilelist",
			);
			runOnlyForDeploymentPostprocessing = 0;
			shellPath = /bin/sh;
			shellScript = "\"${PODS_ROOT}/Target Support Files/Pods-MakeItCount-MakeItCountUITests/Pods-MakeItCount-MakeItCountUITests-frameworks.sh\"\n";
			showEnvVarsInLog = 0;
		};
		B584540282B52F8A25F7746C /* [CP] Embed Pods Frameworks */ = {
			isa = PBXShellScriptBuildPhase;
			buildActionMask = 2147483647;
			files = (
			);
			inputFileListPaths = (
				"${PODS_ROOT}/Target Support Files/Pods-MakeItCount/Pods-MakeItCount-frameworks-${CONFIGURATION}-input-files.xcfilelist",
			);
			name = "[CP] Embed Pods Frameworks";
			outputFileListPaths = (
				"${PODS_ROOT}/Target Support Files/Pods-MakeItCount/Pods-MakeItCount-frameworks-${CONFIGURATION}-output-files.xcfilelist",
			);
			runOnlyForDeploymentPostprocessing = 0;
			shellPath = /bin/sh;
			shellScript = "\"${PODS_ROOT}/Target Support Files/Pods-MakeItCount/Pods-MakeItCount-frameworks.sh\"\n";
			showEnvVarsInLog = 0;
		};
/* End PBXShellScriptBuildPhase section */

/* Begin PBXSourcesBuildPhase section */
		4F861CD0251AC42D0078398F /* Sources */ = {
			isa = PBXSourcesBuildPhase;
			buildActionMask = 2147483647;
			files = (
				4F861CDA251AC42D0078398F /* ContentView.swift in Sources */,
				4F861CD8251AC42D0078398F /* MakeItCountApp.swift in Sources */,
			);
			runOnlyForDeploymentPostprocessing = 0;
		};
		4F861CE1251AC4300078398F /* Sources */ = {
			isa = PBXSourcesBuildPhase;
			buildActionMask = 2147483647;
			files = (
				4F861CEA251AC4300078398F /* MakeItCountTests.swift in Sources */,
			);
			runOnlyForDeploymentPostprocessing = 0;
		};
		4F861CEC251AC4300078398F /* Sources */ = {
			isa = PBXSourcesBuildPhase;
			buildActionMask = 2147483647;
			files = (
				4F861CF5251AC4300078398F /* MakeItCountUITests.swift in Sources */,
			);
			runOnlyForDeploymentPostprocessing = 0;
		};
/* End PBXSourcesBuildPhase section */

/* Begin PBXTargetDependency section */
		4F861CE7251AC4300078398F /* PBXTargetDependency */ = {
			isa = PBXTargetDependency;
			target = 4F861CD3251AC42D0078398F /* MakeItCount */;
			targetProxy = 4F861CE6251AC4300078398F /* PBXContainerItemProxy */;
		};
		4F861CF2251AC4300078398F /* PBXTargetDependency */ = {
			isa = PBXTargetDependency;
			target = 4F861CD3251AC42D0078398F /* MakeItCount */;
			targetProxy = 4F861CF1251AC4300078398F /* PBXContainerItemProxy */;
		};
/* End PBXTargetDependency section */

/* Begin XCBuildConfiguration section */
		4F861CF7251AC4300078398F /* Debug */ = {
			isa = XCBuildConfiguration;
			buildSettings = {
				ALWAYS_SEARCH_USER_PATHS = NO;
				CLANG_ANALYZER_NONNULL = YES;
				CLANG_ANALYZER_NUMBER_OBJECT_CONVERSION = YES_AGGRESSIVE;
				CLANG_CXX_LANGUAGE_STANDARD = "gnu++14";
				CLANG_CXX_LIBRARY = "libc++";
				CLANG_ENABLE_MODULES = YES;
				CLANG_ENABLE_OBJC_ARC = YES;
				CLANG_ENABLE_OBJC_WEAK = YES;
				CLANG_WARN_BLOCK_CAPTURE_AUTORELEASING = YES;
				CLANG_WARN_BOOL_CONVERSION = YES;
				CLANG_WARN_COMMA = YES;
				CLANG_WARN_CONSTANT_CONVERSION = YES;
				CLANG_WARN_DEPRECATED_OBJC_IMPLEMENTATIONS = YES;
				CLANG_WARN_DIRECT_OBJC_ISA_USAGE = YES_ERROR;
				CLANG_WARN_DOCUMENTATION_COMMENTS = YES;
				CLANG_WARN_EMPTY_BODY = YES;
				CLANG_WARN_ENUM_CONVERSION = YES;
				CLANG_WARN_INFINITE_RECURSION = YES;
				CLANG_WARN_INT_CONVERSION = YES;
				CLANG_WARN_NON_LITERAL_NULL_CONVERSION = YES;
				CLANG_WARN_OBJC_IMPLICIT_RETAIN_SELF = YES;
				CLANG_WARN_OBJC_LITERAL_CONVERSION = YES;
				CLANG_WARN_OBJC_ROOT_CLASS = YES_ERROR;
				CLANG_WARN_QUOTED_INCLUDE_IN_FRAMEWORK_HEADER = YES;
				CLANG_WARN_RANGE_LOOP_ANALYSIS = YES;
				CLANG_WARN_STRICT_PROTOTYPES = YES;
				CLANG_WARN_SUSPICIOUS_MOVE = YES;
				CLANG_WARN_UNGUARDED_AVAILABILITY = YES_AGGRESSIVE;
				CLANG_WARN_UNREACHABLE_CODE = YES;
				CLANG_WARN__DUPLICATE_METHOD_MATCH = YES;
				COPY_PHASE_STRIP = NO;
				DEBUG_INFORMATION_FORMAT = dwarf;
				ENABLE_STRICT_OBJC_MSGSEND = YES;
				ENABLE_TESTABILITY = YES;
				GCC_C_LANGUAGE_STANDARD = gnu11;
				GCC_DYNAMIC_NO_PIC = NO;
				GCC_NO_COMMON_BLOCKS = YES;
				GCC_OPTIMIZATION_LEVEL = 0;
				GCC_PREPROCESSOR_DEFINITIONS = (
					"DEBUG=1",
					"$(inherited)",
				);
				GCC_WARN_64_TO_32_BIT_CONVERSION = YES;
				GCC_WARN_ABOUT_RETURN_TYPE = YES_ERROR;
				GCC_WARN_UNDECLARED_SELECTOR = YES;
				GCC_WARN_UNINITIALIZED_AUTOS = YES_AGGRESSIVE;
				GCC_WARN_UNUSED_FUNCTION = YES;
				GCC_WARN_UNUSED_VARIABLE = YES;
				IPHONEOS_DEPLOYMENT_TARGET = 14.0;
				MTL_ENABLE_DEBUG_INFO = INCLUDE_SOURCE;
				MTL_FAST_MATH = YES;
				ONLY_ACTIVE_ARCH = YES;
				SDKROOT = iphoneos;
				SWIFT_ACTIVE_COMPILATION_CONDITIONS = DEBUG;
				SWIFT_OPTIMIZATION_LEVEL = "-Onone";
			};
			name = Debug;
		};
		4F861CF8251AC4300078398F /* Release */ = {
			isa = XCBuildConfiguration;
			buildSettings = {
				ALWAYS_SEARCH_USER_PATHS = NO;
				CLANG_ANALYZER_NONNULL = YES;
				CLANG_ANALYZER_NUMBER_OBJECT_CONVERSION = YES_AGGRESSIVE;
				CLANG_CXX_LANGUAGE_STANDARD = "gnu++14";
				CLANG_CXX_LIBRARY = "libc++";
				CLANG_ENABLE_MODULES = YES;
				CLANG_ENABLE_OBJC_ARC = YES;
				CLANG_ENABLE_OBJC_WEAK = YES;
				CLANG_WARN_BLOCK_CAPTURE_AUTORELEASING = YES;
				CLANG_WARN_BOOL_CONVERSION = YES;
				CLANG_WARN_COMMA = YES;
				CLANG_WARN_CONSTANT_CONVERSION = YES;
				CLANG_WARN_DEPRECATED_OBJC_IMPLEMENTATIONS = YES;
				CLANG_WARN_DIRECT_OBJC_ISA_USAGE = YES_ERROR;
				CLANG_WARN_DOCUMENTATION_COMMENTS = YES;
				CLANG_WARN_EMPTY_BODY = YES;
				CLANG_WARN_ENUM_CONVERSION = YES;
				CLANG_WARN_INFINITE_RECURSION = YES;
				CLANG_WARN_INT_CONVERSION = YES;
				CLANG_WARN_NON_LITERAL_NULL_CONVERSION = YES;
				CLANG_WARN_OBJC_IMPLICIT_RETAIN_SELF = YES;
				CLANG_WARN_OBJC_LITERAL_CONVERSION = YES;
				CLANG_WARN_OBJC_ROOT_CLASS = YES_ERROR;
				CLANG_WARN_QUOTED_INCLUDE_IN_FRAMEWORK_HEADER = YES;
				CLANG_WARN_RANGE_LOOP_ANALYSIS = YES;
				CLANG_WARN_STRICT_PROTOTYPES = YES;
				CLANG_WARN_SUSPICIOUS_MOVE = YES;
				CLANG_WARN_UNGUARDED_AVAILABILITY = YES_AGGRESSIVE;
				CLANG_WARN_UNREACHABLE_CODE = YES;
				CLANG_WARN__DUPLICATE_METHOD_MATCH = YES;
				COPY_PHASE_STRIP = NO;
				DEBUG_INFORMATION_FORMAT = "dwarf-with-dsym";
				ENABLE_NS_ASSERTIONS = NO;
				ENABLE_STRICT_OBJC_MSGSEND = YES;
				GCC_C_LANGUAGE_STANDARD = gnu11;
				GCC_NO_COMMON_BLOCKS = YES;
				GCC_WARN_64_TO_32_BIT_CONVERSION = YES;
				GCC_WARN_ABOUT_RETURN_TYPE = YES_ERROR;
				GCC_WARN_UNDECLARED_SELECTOR = YES;
				GCC_WARN_UNINITIALIZED_AUTOS = YES_AGGRESSIVE;
				GCC_WARN_UNUSED_FUNCTION = YES;
				GCC_WARN_UNUSED_VARIABLE = YES;
				IPHONEOS_DEPLOYMENT_TARGET = 14.0;
				MTL_ENABLE_DEBUG_INFO = NO;
				MTL_FAST_MATH = YES;
				SDKROOT = iphoneos;
				SWIFT_COMPILATION_MODE = wholemodule;
				SWIFT_OPTIMIZATION_LEVEL = "-O";
				VALIDATE_PRODUCT = YES;
			};
			name = Release;
		};
		4F861CFA251AC4300078398F /* Debug */ = {
			isa = XCBuildConfiguration;
			baseConfigurationReference = 044498027C12A42C588E2DEA /* Pods-MakeItCount.debug.xcconfig */;
			buildSettings = {
				ASSETCATALOG_COMPILER_APPICON_NAME = AppIcon;
				ASSETCATALOG_COMPILER_GLOBAL_ACCENT_COLOR_NAME = AccentColor;
				CODE_SIGN_STYLE = Automatic;
				DEVELOPMENT_ASSET_PATHS = "\"MakeItCount/Preview Content\"";
				DEVELOPMENT_TEAM = B98N4C6V53;
				ENABLE_PREVIEWS = YES;
				INFOPLIST_FILE = MakeItCount/Info.plist;
				IPHONEOS_DEPLOYMENT_TARGET = 14.0;
				LD_RUNPATH_SEARCH_PATHS = (
					"$(inherited)",
					"@executable_path/Frameworks",
				);
				PRODUCT_BUNDLE_IDENTIFIER = com.noahguillory.MakeItCount;
				PRODUCT_NAME = "$(TARGET_NAME)";
				SWIFT_VERSION = 5.0;
				TARGETED_DEVICE_FAMILY = "1,2";
			};
			name = Debug;
		};
		4F861CFB251AC4300078398F /* Release */ = {
			isa = XCBuildConfiguration;
			baseConfigurationReference = 74305CB601463A26BEE42DA8 /* Pods-MakeItCount.release.xcconfig */;
			buildSettings = {
				ASSETCATALOG_COMPILER_APPICON_NAME = AppIcon;
				ASSETCATALOG_COMPILER_GLOBAL_ACCENT_COLOR_NAME = AccentColor;
				CODE_SIGN_STYLE = Automatic;
				DEVELOPMENT_ASSET_PATHS = "\"MakeItCount/Preview Content\"";
				DEVELOPMENT_TEAM = B98N4C6V53;
				ENABLE_PREVIEWS = YES;
				INFOPLIST_FILE = MakeItCount/Info.plist;
				IPHONEOS_DEPLOYMENT_TARGET = 14.0;
				LD_RUNPATH_SEARCH_PATHS = (
					"$(inherited)",
					"@executable_path/Frameworks",
				);
				PRODUCT_BUNDLE_IDENTIFIER = com.noahguillory.MakeItCount;
				PRODUCT_NAME = "$(TARGET_NAME)";
				SWIFT_VERSION = 5.0;
				TARGETED_DEVICE_FAMILY = "1,2";
			};
			name = Release;
		};
		4F861CFD251AC4300078398F /* Debug */ = {
			isa = XCBuildConfiguration;
			baseConfigurationReference = F00D5CF9B69E9208AE611BC3 /* Pods-MakeItCountTests.debug.xcconfig */;
			buildSettings = {
				ALWAYS_EMBED_SWIFT_STANDARD_LIBRARIES = YES;
				BUNDLE_LOADER = "$(TEST_HOST)";
				CODE_SIGN_STYLE = Automatic;
				DEVELOPMENT_TEAM = B98N4C6V53;
				INFOPLIST_FILE = MakeItCountTests/Info.plist;
				IPHONEOS_DEPLOYMENT_TARGET = 14.0;
				LD_RUNPATH_SEARCH_PATHS = (
					"$(inherited)",
					"@executable_path/Frameworks",
					"@loader_path/Frameworks",
				);
				PRODUCT_BUNDLE_IDENTIFIER = com.noahguillory.MakeItCountTests;
				PRODUCT_NAME = "$(TARGET_NAME)";
				SWIFT_VERSION = 5.0;
				TARGETED_DEVICE_FAMILY = "1,2";
				TEST_HOST = "$(BUILT_PRODUCTS_DIR)/MakeItCount.app/MakeItCount";
			};
			name = Debug;
		};
		4F861CFE251AC4300078398F /* Release */ = {
			isa = XCBuildConfiguration;
			baseConfigurationReference = 55F7314ED0F2342987BBBFCA /* Pods-MakeItCountTests.release.xcconfig */;
			buildSettings = {
				ALWAYS_EMBED_SWIFT_STANDARD_LIBRARIES = YES;
				BUNDLE_LOADER = "$(TEST_HOST)";
				CODE_SIGN_STYLE = Automatic;
				DEVELOPMENT_TEAM = B98N4C6V53;
				INFOPLIST_FILE = MakeItCountTests/Info.plist;
				IPHONEOS_DEPLOYMENT_TARGET = 14.0;
				LD_RUNPATH_SEARCH_PATHS = (
					"$(inherited)",
					"@executable_path/Frameworks",
					"@loader_path/Frameworks",
				);
				PRODUCT_BUNDLE_IDENTIFIER = com.noahguillory.MakeItCountTests;
				PRODUCT_NAME = "$(TARGET_NAME)";
				SWIFT_VERSION = 5.0;
				TARGETED_DEVICE_FAMILY = "1,2";
				TEST_HOST = "$(BUILT_PRODUCTS_DIR)/MakeItCount.app/MakeItCount";
			};
			name = Release;
		};
		4F861D00251AC4300078398F /* Debug */ = {
			isa = XCBuildConfiguration;
			baseConfigurationReference = 9DCFC37F5FDC75EB886E563A /* Pods-MakeItCount-MakeItCountUITests.debug.xcconfig */;
			buildSettings = {
				ALWAYS_EMBED_SWIFT_STANDARD_LIBRARIES = YES;
				CODE_SIGN_STYLE = Automatic;
				DEVELOPMENT_TEAM = B98N4C6V53;
				INFOPLIST_FILE = MakeItCountUITests/Info.plist;
				LD_RUNPATH_SEARCH_PATHS = (
					"$(inherited)",
					"@executable_path/Frameworks",
					"@loader_path/Frameworks",
				);
				PRODUCT_BUNDLE_IDENTIFIER = com.noahguillory.MakeItCountUITests;
				PRODUCT_NAME = "$(TARGET_NAME)";
				SWIFT_VERSION = 5.0;
				TARGETED_DEVICE_FAMILY = "1,2";
				TEST_TARGET_NAME = MakeItCount;
			};
			name = Debug;
		};
		4F861D01251AC4300078398F /* Release */ = {
			isa = XCBuildConfiguration;
			baseConfigurationReference = 4B7A8FB986C63CCB5967FBD9 /* Pods-MakeItCount-MakeItCountUITests.release.xcconfig */;
			buildSettings = {
				ALWAYS_EMBED_SWIFT_STANDARD_LIBRARIES = YES;
				CODE_SIGN_STYLE = Automatic;
				DEVELOPMENT_TEAM = B98N4C6V53;
				INFOPLIST_FILE = MakeItCountUITests/Info.plist;
				LD_RUNPATH_SEARCH_PATHS = (
					"$(inherited)",
					"@executable_path/Frameworks",
					"@loader_path/Frameworks",
				);
				PRODUCT_BUNDLE_IDENTIFIER = com.noahguillory.MakeItCountUITests;
				PRODUCT_NAME = "$(TARGET_NAME)";
				SWIFT_VERSION = 5.0;
				TARGETED_DEVICE_FAMILY = "1,2";
				TEST_TARGET_NAME = MakeItCount;
			};
			name = Release;
		};
/* End XCBuildConfiguration section */

/* Begin XCConfigurationList section */
		4F861CCF251AC42D0078398F /* Build configuration list for PBXProject "MakeItCount" */ = {
			isa = XCConfigurationList;
			buildConfigurations = (
				4F861CF7251AC4300078398F /* Debug */,
				4F861CF8251AC4300078398F /* Release */,
			);
			defaultConfigurationIsVisible = 0;
			defaultConfigurationName = Release;
		};
		4F861CF9251AC4300078398F /* Build configuration list for PBXNativeTarget "MakeItCount" */ = {
			isa = XCConfigurationList;
			buildConfigurations = (
				4F861CFA251AC4300078398F /* Debug */,
				4F861CFB251AC4300078398F /* Release */,
			);
			defaultConfigurationIsVisible = 0;
			defaultConfigurationName = Release;
		};
		4F861CFC251AC4300078398F /* Build configuration list for PBXNativeTarget "MakeItCountTests" */ = {
			isa = XCConfigurationList;
			buildConfigurations = (
				4F861CFD251AC4300078398F /* Debug */,
				4F861CFE251AC4300078398F /* Release */,
			);
			defaultConfigurationIsVisible = 0;
			defaultConfigurationName = Release;
		};
		4F861CFF251AC4300078398F /* Build configuration list for PBXNativeTarget "MakeItCountUITests" */ = {
			isa = XCConfigurationList;
			buildConfigurations = (
				4F861D00251AC4300078398F /* Debug */,
				4F861D01251AC4300078398F /* Release */,
			);
			defaultConfigurationIsVisible = 0;
			defaultConfigurationName = Release;
		};
/* End XCConfigurationList section */
	};
	rootObject = 4F861CCC251AC42D0078398F /* Project object */;
}
